
Microsoft Visual Studio Solution File, Format Version 12.00
# Visual Studio Version 17
VisualStudioVersion = 17.8.34322.80
MinimumVisualStudioVersion = 10.0.40219.1
Project("{9A19103F-16F7-4668-BE54-9A1E7A4F7556}") = "GroundZ3R0's CamGUI", "GroundZ3R0's CamGUI.csproj", "{F474D2B7-F14F-4465-AF57-272C60AAA6E2}"
EndProject
Global
	GlobalSection(SolutionConfigurationPlatforms) = preSolution
		Debug|Any CPU = Debug|Any CPU
		Release|Any CPU = Release|Any CPU
	EndGlobalSection
	GlobalSection(ProjectConfigurationPlatforms) = postSolution
		{F474D2B7-F14F-4465-AF57-272C60AAA6E2}.Debug|Any CPU.ActiveCfg = Debug|Any CPU
		{F474D2B7-F14F-4465-AF57-272C60AAA6E2}.Debug|Any CPU.Build.0 = Debug|Any CPU
		{F474D2B7-F14F-4465-AF57-272C60AAA6E2}.Release|Any CPU.ActiveCfg = Release|Any CPU
		{F474D2B7-F14F-4465-AF57-272C60AAA6E2}.Release|Any CPU.Build.0 = Release|Any CPU
	EndGlobalSection
	GlobalSection(SolutionProperties) = preSolution
		HideSolutionNode = FALSE
	EndGlobalSection
	GlobalSection(ExtensibilityGlobals) = postSolution
		SolutionGuid = {7EDF0FD0-D960-44DF-82B9-EBA31D008179}
	EndGlobalSection
EndGlobal
